// !$*UTF8*$!
{
	archiveVersion = 1;
	classes = {
	};
	objectVersion = 55;
	objects = {

/* Begin PBXBuildFile section */
		A15D4007290C833D00C053FF /* PopularCoffeeCollectionViewCell.swift in Sources */ = {isa = PBXBuildFile; fileRef = A15D4005290C833D00C053FF /* PopularCoffeeCollectionViewCell.swift */; };
		A15D4008290C833D00C053FF /* PopularCoffeeCollectionViewCell.xib in Resources */ = {isa = PBXBuildFile; fileRef = A15D4006290C833D00C053FF /* PopularCoffeeCollectionViewCell.xib */; };
		A15D400C290C960900C053FF /* PopularCoffee.swift in Sources */ = {isa = PBXBuildFile; fileRef = A15D400B290C960900C053FF /* PopularCoffee.swift */; };
		A17B78A5290985AE0082CF50 /* AppDelegate.swift in Sources */ = {isa = PBXBuildFile; fileRef = A17B78A4290985AE0082CF50 /* AppDelegate.swift */; };
		A17B78A7290985AE0082CF50 /* SceneDelegate.swift in Sources */ = {isa = PBXBuildFile; fileRef = A17B78A6290985AE0082CF50 /* SceneDelegate.swift */; };
		A17B78AE290985B10082CF50 /* Assets.xcassets in Resources */ = {isa = PBXBuildFile; fileRef = A17B78AD290985B10082CF50 /* Assets.xcassets */; };
		A17B78B1290985B10082CF50 /* LaunchScreen.storyboard in Resources */ = {isa = PBXBuildFile; fileRef = A17B78AF290985B10082CF50 /* LaunchScreen.storyboard */; };
		A17B78B92909FFD30082CF50 /* Main.storyboard in Resources */ = {isa = PBXBuildFile; fileRef = A17B78B82909FFD30082CF50 /* Main.storyboard */; };
		A17B78BB290A0CBD0082CF50 /* CustomTabBar.swift in Sources */ = {isa = PBXBuildFile; fileRef = A17B78BA290A0CBD0082CF50 /* CustomTabBar.swift */; };
		A1AE897C290D4F28007A174C /* NearestCoffeeCollectionViewCell.swift in Sources */ = {isa = PBXBuildFile; fileRef = A1AE897A290D4F28007A174C /* NearestCoffeeCollectionViewCell.swift */; };
		A1AE897D290D4F28007A174C /* NearestCoffeeCollectionViewCell.xib in Resources */ = {isa = PBXBuildFile; fileRef = A1AE897B290D4F28007A174C /* NearestCoffeeCollectionViewCell.xib */; };
		A1AE897F290D707A007A174C /* CoffeeShop.swift in Sources */ = {isa = PBXBuildFile; fileRef = A1AE897E290D707A007A174C /* CoffeeShop.swift */; };
		A1AE8982290D7642007A174C /* UIView+.swift in Sources */ = {isa = PBXBuildFile; fileRef = A1AE8981290D7642007A174C /* UIView+.swift */; };
		A1AE898B290E85BF007A174C /* DetailsViewController.xib in Resources */ = {isa = PBXBuildFile; fileRef = A1AE8989290E85BF007A174C /* DetailsViewController.xib */; };
		A1EDA68F29112FCE00D99AF1 /* HomeViewController.swift in Sources */ = {isa = PBXBuildFile; fileRef = A17B78A8290985AE0082CF50 /* HomeViewController.swift */; };
		A1EDA69029112FEC00D99AF1 /* DetailsViewController.swift in Sources */ = {isa = PBXBuildFile; fileRef = A1AE8988290E85BF007A174C /* DetailsViewController.swift */; };
/* End PBXBuildFile section */

/* Begin PBXFileReference section */
		A15D4005290C833D00C053FF /* PopularCoffeeCollectionViewCell.swift */ = {isa = PBXFileReference; lastKnownFileType = sourcecode.swift; path = PopularCoffeeCollectionViewCell.swift; sourceTree = "<group>"; };
		A15D4006290C833D00C053FF /* PopularCoffeeCollectionViewCell.xib */ = {isa = PBXFileReference; lastKnownFileType = file.xib; path = PopularCoffeeCollectionViewCell.xib; sourceTree = "<group>"; };
		A15D400B290C960900C053FF /* PopularCoffee.swift */ = {isa = PBXFileReference; lastKnownFileType = sourcecode.swift; path = PopularCoffee.swift; sourceTree = "<group>"; };
		A17B78A1290985AE0082CF50 /* Cup Coffee.app */ = {isa = PBXFileReference; explicitFileType = wrapper.application; includeInIndex = 0; path = "Cup Coffee.app"; sourceTree = BUILT_PRODUCTS_DIR; };
		A17B78A4290985AE0082CF50 /* AppDelegate.swift */ = {isa = PBXFileReference; lastKnownFileType = sourcecode.swift; path = AppDelegate.swift; sourceTree = "<group>"; };
		A17B78A6290985AE0082CF50 /* SceneDelegate.swift */ = {isa = PBXFileReference; lastKnownFileType = sourcecode.swift; path = SceneDelegate.swift; sourceTree = "<group>"; };
		A17B78A8290985AE0082CF50 /* HomeViewController.swift */ = {isa = PBXFileReference; lastKnownFileType = sourcecode.swift; path = HomeViewController.swift; sourceTree = "<group>"; };
		A17B78AD290985B10082CF50 /* Assets.xcassets */ = {isa = PBXFileReference; lastKnownFileType = folder.assetcatalog; path = Assets.xcassets; sourceTree = "<group>"; };
		A17B78B0290985B10082CF50 /* Base */ = {isa = PBXFileReference; lastKnownFileType = file.storyboard; name = Base; path = Base.lproj/LaunchScreen.storyboard; sourceTree = "<group>"; };
		A17B78B2290985B10082CF50 /* Info.plist */ = {isa = PBXFileReference; lastKnownFileType = text.plist.xml; path = Info.plist; sourceTree = "<group>"; };
		A17B78B82909FFD30082CF50 /* Main.storyboard */ = {isa = PBXFileReference; fileEncoding = 4; lastKnownFileType = file.storyboard; path = Main.storyboard; sourceTree = "<group>"; };
		A17B78BA290A0CBD0082CF50 /* CustomTabBar.swift */ = {isa = PBXFileReference; lastKnownFileType = sourcecode.swift; path = CustomTabBar.swift; sourceTree = "<group>"; };
		A1AE897A290D4F28007A174C /* NearestCoffeeCollectionViewCell.swift */ = {isa = PBXFileReference; lastKnownFileType = sourcecode.swift; path = NearestCoffeeCollectionViewCell.swift; sourceTree = "<group>"; };
		A1AE897B290D4F28007A174C /* NearestCoffeeCollectionViewCell.xib */ = {isa = PBXFileReference; lastKnownFileType = file.xib; path = NearestCoffeeCollectionViewCell.xib; sourceTree = "<group>"; };
		A1AE897E290D707A007A174C /* CoffeeShop.swift */ = {isa = PBXFileReference; lastKnownFileType = sourcecode.swift; path = CoffeeShop.swift; sourceTree = "<group>"; };
		A1AE8981290D7642007A174C /* UIView+.swift */ = {isa = PBXFileReference; lastKnownFileType = sourcecode.swift; path = "UIView+.swift"; sourceTree = "<group>"; };
		A1AE8988290E85BF007A174C /* DetailsViewController.swift */ = {isa = PBXFileReference; lastKnownFileType = sourcecode.swift; path = DetailsViewController.swift; sourceTree = "<group>"; };
		A1AE8989290E85BF007A174C /* DetailsViewController.xib */ = {isa = PBXFileReference; lastKnownFileType = file.xib; path = DetailsViewController.xib; sourceTree = "<group>"; };
/* End PBXFileReference section */

/* Begin PBXFrameworksBuildPhase section */
		A17B789E290985AE0082CF50 /* Frameworks */ = {
			isa = PBXFrameworksBuildPhase;
			buildActionMask = 2147483647;
			files = (
			);
			runOnlyForDeploymentPostprocessing = 0;
		};
/* End PBXFrameworksBuildPhase section */

/* Begin PBXGroup section */
		A15D3FFE290B541500C053FF /* CustomComponents */ = {
			isa = PBXGroup;
			children = (
				A17B78BA290A0CBD0082CF50 /* CustomTabBar.swift */,
				A15D4003290C82EE00C053FF /* CollectionViewCells */,
			);
			path = CustomComponents;
			sourceTree = "<group>";
		};
		A15D4001290C821C00C053FF /* Utilities */ = {
			isa = PBXGroup;
			children = (
				A17B78A6290985AE0082CF50 /* SceneDelegate.swift */,
				A17B78A4290985AE0082CF50 /* AppDelegate.swift */,
			);
			path = Utilities;
			sourceTree = "<group>";
		};
		A15D4002290C827400C053FF /* View */ = {
			isa = PBXGroup;
			children = (
				A17B78B82909FFD30082CF50 /* Main.storyboard */,
				A17B78AF290985B10082CF50 /* LaunchScreen.storyboard */,
				A1AE8989290E85BF007A174C /* DetailsViewController.xib */,
			);
			path = View;
			sourceTree = "<group>";
		};
		A15D4003290C82EE00C053FF /* CollectionViewCells */ = {
			isa = PBXGroup;
			children = (
				A15D4004290C830B00C053FF /* PopularCoffeeCell */,
				A1AE8979290D4ED7007A174C /* NearestCoffeeCell */,
			);
			path = CollectionViewCells;
			sourceTree = "<group>";
		};
		A15D4004290C830B00C053FF /* PopularCoffeeCell */ = {
			isa = PBXGroup;
			children = (
				A15D4005290C833D00C053FF /* PopularCoffeeCollectionViewCell.swift */,
				A15D4006290C833D00C053FF /* PopularCoffeeCollectionViewCell.xib */,
			);
			path = PopularCoffeeCell;
			sourceTree = "<group>";
		};
		A15D4009290C932200C053FF /* Controller */ = {
			isa = PBXGroup;
			children = (
				A17B78A8290985AE0082CF50 /* HomeViewController.swift */,
				A1AE8988290E85BF007A174C /* DetailsViewController.swift */,
			);
			path = Controller;
			sourceTree = "<group>";
		};
		A15D400A290C932A00C053FF /* Model */ = {
			isa = PBXGroup;
			children = (
				A15D400B290C960900C053FF /* PopularCoffee.swift */,
				A1AE897E290D707A007A174C /* CoffeeShop.swift */,
			);
			path = Model;
			sourceTree = "<group>";
		};
		A17B7898290985AE0082CF50 = {
			isa = PBXGroup;
			children = (
				A17B78A3290985AE0082CF50 /* Cup Coffee */,
				A17B78A2290985AE0082CF50 /* Products */,
			);
			sourceTree = "<group>";
		};
		A17B78A2290985AE0082CF50 /* Products */ = {
			isa = PBXGroup;
			children = (
				A17B78A1290985AE0082CF50 /* Cup Coffee.app */,
			);
			name = Products;
			sourceTree = "<group>";
		};
		A17B78A3290985AE0082CF50 /* Cup Coffee */ = {
			isa = PBXGroup;
			children = (
				A1AE8980290D7626007A174C /* Extensions */,
				A15D400A290C932A00C053FF /* Model */,
				A15D4009290C932200C053FF /* Controller */,
				A15D4002290C827400C053FF /* View */,
				A15D4001290C821C00C053FF /* Utilities */,
				A15D3FFE290B541500C053FF /* CustomComponents */,
				A17B78AD290985B10082CF50 /* Assets.xcassets */,
				A17B78B2290985B10082CF50 /* Info.plist */,
			);
			path = "Cup Coffee";
			sourceTree = "<group>";
		};
		A1AE8979290D4ED7007A174C /* NearestCoffeeCell */ = {
			isa = PBXGroup;
			children = (
				A1AE897A290D4F28007A174C /* NearestCoffeeCollectionViewCell.swift */,
				A1AE897B290D4F28007A174C /* NearestCoffeeCollectionViewCell.xib */,
			);
			path = NearestCoffeeCell;
			sourceTree = "<group>";
		};
		A1AE8980290D7626007A174C /* Extensions */ = {
			isa = PBXGroup;
			children = (
				A1AE8981290D7642007A174C /* UIView+.swift */,
			);
			path = Extensions;
			sourceTree = "<group>";
		};
/* End PBXGroup section */

/* Begin PBXNativeTarget section */
		A17B78A0290985AE0082CF50 /* Cup Coffee */ = {
			isa = PBXNativeTarget;
			buildConfigurationList = A17B78B5290985B10082CF50 /* Build configuration list for PBXNativeTarget "Cup Coffee" */;
			buildPhases = (
				A17B789D290985AE0082CF50 /* Sources */,
				A17B789E290985AE0082CF50 /* Frameworks */,
				A17B789F290985AE0082CF50 /* Resources */,
			);
			buildRules = (
			);
			dependencies = (
			);
			name = "Cup Coffee";
			productName = "Cup Coffee";
			productReference = A17B78A1290985AE0082CF50 /* Cup Coffee.app */;
			productType = "com.apple.product-type.application";
		};
/* End PBXNativeTarget section */

/* Begin PBXProject section */
		A17B7899290985AE0082CF50 /* Project object */ = {
			isa = PBXProject;
			attributes = {
				BuildIndependentTargetsInParallel = 1;
				LastSwiftUpdateCheck = 1340;
				LastUpgradeCheck = 1340;
				TargetAttributes = {
					A17B78A0290985AE0082CF50 = {
						CreatedOnToolsVersion = 13.4.1;
					};
				};
			};
			buildConfigurationList = A17B789C290985AE0082CF50 /* Build configuration list for PBXProject "Cup Coffee" */;
			compatibilityVersion = "Xcode 13.0";
			developmentRegion = en;
			hasScannedForEncodings = 0;
			knownRegions = (
				en,
				Base,
			);
			mainGroup = A17B7898290985AE0082CF50;
			productRefGroup = A17B78A2290985AE0082CF50 /* Products */;
			projectDirPath = "";
			projectRoot = "";
			targets = (
				A17B78A0290985AE0082CF50 /* Cup Coffee */,
			);
		};
/* End PBXProject section */

/* Begin PBXResourcesBuildPhase section */
		A17B789F290985AE0082CF50 /* Resources */ = {
			isa = PBXResourcesBuildPhase;
			buildActionMask = 2147483647;
			files = (
				A1AE897D290D4F28007A174C /* NearestCoffeeCollectionViewCell.xib in Resources */,
				A17B78B1290985B10082CF50 /* LaunchScreen.storyboard in Resources */,
				A17B78B92909FFD30082CF50 /* Main.storyboard in Resources */,
				A15D4008290C833D00C053FF /* PopularCoffeeCollectionViewCell.xib in Resources */,
				A17B78AE290985B10082CF50 /* Assets.xcassets in Resources */,
				A1AE898B290E85BF007A174C /* DetailsViewController.xib in Resources */,
			);
			runOnlyForDeploymentPostprocessing = 0;
		};
/* End PBXResourcesBuildPhase section */

/* Begin PBXSourcesBuildPhase section */
		A17B789D290985AE0082CF50 /* Sources */ = {
			isa = PBXSourcesBuildPhase;
			buildActionMask = 2147483647;
			files = (
				A17B78BB290A0CBD0082CF50 /* CustomTabBar.swift in Sources */,
				A15D4007290C833D00C053FF /* PopularCoffeeCollectionViewCell.swift in Sources */,
				A17B78A5290985AE0082CF50 /* AppDelegate.swift in Sources */,
				A17B78A7290985AE0082CF50 /* SceneDelegate.swift in Sources */,
				A1AE897F290D707A007A174C /* CoffeeShop.swift in Sources */,
				A1EDA68F29112FCE00D99AF1 /* HomeViewController.swift in Sources */,
				A1AE8982290D7642007A174C /* UIView+.swift in Sources */,
				A1AE897C290D4F28007A174C /* NearestCoffeeCollectionViewCell.swift in Sources */,
				A15D400C290C960900C053FF /* PopularCoffee.swift in Sources */,
				A1EDA69029112FEC00D99AF1 /* DetailsViewController.swift in Sources */,
			);
			runOnlyForDeploymentPostprocessing = 0;
		};
/* End PBXSourcesBuildPhase section */

/* Begin PBXVariantGroup section */
		A17B78AF290985B10082CF50 /* LaunchScreen.storyboard */ = {
			isa = PBXVariantGroup;
			children = (
				A17B78B0290985B10082CF50 /* Base */,
			);
			name = LaunchScreen.storyboard;
			sourceTree = "<group>";
		};
/* End PBXVariantGroup section */

/* Begin XCBuildConfiguration section */
		A17B78B3290985B10082CF50 /* Debug */ = {
			isa = XCBuildConfiguration;
			buildSettings = {
				ALWAYS_SEARCH_USER_PATHS = NO;
				CLANG_ANALYZER_NONNULL = YES;
				CLANG_ANALYZER_NUMBER_OBJECT_CONVERSION = YES_AGGRESSIVE;
				CLANG_CXX_LANGUAGE_STANDARD = "gnu++17";
				CLANG_ENABLE_MODULES = YES;
				CLANG_ENABLE_OBJC_ARC = YES;
				CLANG_ENABLE_OBJC_WEAK = YES;
				CLANG_WARN_BLOCK_CAPTURE_AUTORELEASING = YES;
				CLANG_WARN_BOOL_CONVERSION = YES;
				CLANG_WARN_COMMA = YES;
				CLANG_WARN_CONSTANT_CONVERSION = YES;
				CLANG_WARN_DEPRECATED_OBJC_IMPLEMENTATIONS = YES;
				CLANG_WARN_DIRECT_OBJC_ISA_USAGE = YES_ERROR;
				CLANG_WARN_DOCUMENTATION_COMMENTS = YES;
				CLANG_WARN_EMPTY_BODY = YES;
				CLANG_WARN_ENUM_CONVERSION = YES;
				CLANG_WARN_INFINITE_RECURSION = YES;
				CLANG_WARN_INT_CONVERSION = YES;
				CLANG_WARN_NON_LITERAL_NULL_CONVERSION = YES;
				CLANG_WARN_OBJC_IMPLICIT_RETAIN_SELF = YES;
				CLANG_WARN_OBJC_LITERAL_CONVERSION = YES;
				CLANG_WARN_OBJC_ROOT_CLASS = YES_ERROR;
				CLANG_WARN_QUOTED_INCLUDE_IN_FRAMEWORK_HEADER = YES;
				CLANG_WARN_RANGE_LOOP_ANALYSIS = YES;
				CLANG_WARN_STRICT_PROTOTYPES = YES;
				CLANG_WARN_SUSPICIOUS_MOVE = YES;
				CLANG_WARN_UNGUARDED_AVAILABILITY = YES_AGGRESSIVE;
				CLANG_WARN_UNREACHABLE_CODE = YES;
				CLANG_WARN__DUPLICATE_METHOD_MATCH = YES;
				COPY_PHASE_STRIP = NO;
				DEBUG_INFORMATION_FORMAT = dwarf;
				ENABLE_STRICT_OBJC_MSGSEND = YES;
				ENABLE_TESTABILITY = YES;
				GCC_C_LANGUAGE_STANDARD = gnu11;
				GCC_DYNAMIC_NO_PIC = NO;
				GCC_NO_COMMON_BLOCKS = YES;
				GCC_OPTIMIZATION_LEVEL = 0;
				GCC_PREPROCESSOR_DEFINITIONS = (
					"DEBUG=1",
					"$(inherited)",
				);
				GCC_WARN_64_TO_32_BIT_CONVERSION = YES;
				GCC_WARN_ABOUT_RETURN_TYPE = YES_ERROR;
				GCC_WARN_UNDECLARED_SELECTOR = YES;
				GCC_WARN_UNINITIALIZED_AUTOS = YES_AGGRESSIVE;
				GCC_WARN_UNUSED_FUNCTION = YES;
				GCC_WARN_UNUSED_VARIABLE = YES;
				IPHONEOS_DEPLOYMENT_TARGET = 15.5;
				MTL_ENABLE_DEBUG_INFO = INCLUDE_SOURCE;
				MTL_FAST_MATH = YES;
				ONLY_ACTIVE_ARCH = YES;
				SDKROOT = iphoneos;
				SWIFT_ACTIVE_COMPILATION_CONDITIONS = DEBUG;
				SWIFT_OPTIMIZATION_LEVEL = "-Onone";
			};
			name = Debug;
		};
		A17B78B4290985B10082CF50 /* Release */ = {
			isa = XCBuildConfiguration;
			buildSettings = {
				ALWAYS_SEARCH_USER_PATHS = NO;
				CLANG_ANALYZER_NONNULL = YES;
				CLANG_ANALYZER_NUMBER_OBJECT_CONVERSION = YES_AGGRESSIVE;
				CLANG_CXX_LANGUAGE_STANDARD = "gnu++17";
				CLANG_ENABLE_MODULES = YES;
				CLANG_ENABLE_OBJC_ARC = YES;
				CLANG_ENABLE_OBJC_WEAK = YES;
				CLANG_WARN_BLOCK_CAPTURE_AUTORELEASING = YES;
				CLANG_WARN_BOOL_CONVERSION = YES;
				CLANG_WARN_COMMA = YES;
				CLANG_WARN_CONSTANT_CONVERSION = YES;
				CLANG_WARN_DEPRECATED_OBJC_IMPLEMENTATIONS = YES;
				CLANG_WARN_DIRECT_OBJC_ISA_USAGE = YES_ERROR;
				CLANG_WARN_DOCUMENTATION_COMMENTS = YES;
				CLANG_WARN_EMPTY_BODY = YES;
				CLANG_WARN_ENUM_CONVERSION = YES;
				CLANG_WARN_INFINITE_RECURSION = YES;
				CLANG_WARN_INT_CONVERSION = YES;
				CLANG_WARN_NON_LITERAL_NULL_CONVERSION = YES;
				CLANG_WARN_OBJC_IMPLICIT_RETAIN_SELF = YES;
				CLANG_WARN_OBJC_LITERAL_CONVERSION = YES;
				CLANG_WARN_OBJC_ROOT_CLASS = YES_ERROR;
				CLANG_WARN_QUOTED_INCLUDE_IN_FRAMEWORK_HEADER = YES;
				CLANG_WARN_RANGE_LOOP_ANALYSIS = YES;
				CLANG_WARN_STRICT_PROTOTYPES = YES;
				CLANG_WARN_SUSPICIOUS_MOVE = YES;
				CLANG_WARN_UNGUARDED_AVAILABILITY = YES_AGGRESSIVE;
				CLANG_WARN_UNREACHABLE_CODE = YES;
				CLANG_WARN__DUPLICATE_METHOD_MATCH = YES;
				COPY_PHASE_STRIP = NO;
				DEBUG_INFORMATION_FORMAT = "dwarf-with-dsym";
				ENABLE_NS_ASSERTIONS = NO;
				ENABLE_STRICT_OBJC_MSGSEND = YES;
				GCC_C_LANGUAGE_STANDARD = gnu11;
				GCC_NO_COMMON_BLOCKS = YES;
				GCC_WARN_64_TO_32_BIT_CONVERSION = YES;
				GCC_WARN_ABOUT_RETURN_TYPE = YES_ERROR;
				GCC_WARN_UNDECLARED_SELECTOR = YES;
				GCC_WARN_UNINITIALIZED_AUTOS = YES_AGGRESSIVE;
				GCC_WARN_UNUSED_FUNCTION = YES;
				GCC_WARN_UNUSED_VARIABLE = YES;
				IPHONEOS_DEPLOYMENT_TARGET = 15.5;
				MTL_ENABLE_DEBUG_INFO = NO;
				MTL_FAST_MATH = YES;
				SDKROOT = iphoneos;
				SWIFT_COMPILATION_MODE = wholemodule;
				SWIFT_OPTIMIZATION_LEVEL = "-O";
				VALIDATE_PRODUCT = YES;
			};
			name = Release;
		};
		A17B78B6290985B10082CF50 /* Debug */ = {
			isa = XCBuildConfiguration;
			buildSettings = {
				ASSETCATALOG_COMPILER_APPICON_NAME = AppIcon;
				ASSETCATALOG_COMPILER_GLOBAL_ACCENT_COLOR_NAME = AccentColor;
				CODE_SIGN_STYLE = Automatic;
				CURRENT_PROJECT_VERSION = 1;
				DEVELOPMENT_TEAM = KSQAVXV66T;
				GENERATE_INFOPLIST_FILE = YES;
				INFOPLIST_FILE = "Cup Coffee/Info.plist";
				INFOPLIST_KEY_NSMainNibFile = Main;
				INFOPLIST_KEY_UIApplicationSupportsIndirectInputEvents = YES;
				INFOPLIST_KEY_UILaunchStoryboardName = LaunchScreen;
				INFOPLIST_KEY_UISupportedInterfaceOrientations_iPad = "UIInterfaceOrientationPortrait UIInterfaceOrientationPortraitUpsideDown UIInterfaceOrientationLandscapeLeft UIInterfaceOrientationLandscapeRight";
				INFOPLIST_KEY_UISupportedInterfaceOrientations_iPhone = "UIInterfaceOrientationPortrait UIInterfaceOrientationLandscapeLeft UIInterfaceOrientationLandscapeRight";
				LD_RUNPATH_SEARCH_PATHS = (
					"$(inherited)",
					"@executable_path/Frameworks",
				);
				MARKETING_VERSION = 1.0;
				PRODUCT_BUNDLE_IDENTIFIER = "youssefedeeb.Cup-Coffee";
				PRODUCT_NAME = "$(TARGET_NAME)";
				SWIFT_EMIT_LOC_STRINGS = YES;
				SWIFT_VERSION = 5.0;
				TARGETED_DEVICE_FAMILY = "1,2";
			};
			name = Debug;
		};
		A17B78B7290985B10082CF50 /* Release */ = {
			isa = XCBuildConfiguration;
			buildSettings = {
				ASSETCATALOG_COMPILER_APPICON_NAME = AppIcon;
				ASSETCATALOG_COMPILER_GLOBAL_ACCENT_COLOR_NAME = AccentColor;
				CODE_SIGN_STYLE = Automatic;
				CURRENT_PROJECT_VERSION = 1;
				DEVELOPMENT_TEAM = KSQAVXV66T;
				GENERATE_INFOPLIST_FILE = YES;
				INFOPLIST_FILE = "Cup Coffee/Info.plist";
				INFOPLIST_KEY_NSMainNibFile = Main;
				INFOPLIST_KEY_UIApplicationSupportsIndirectInputEvents = YES;
				INFOPLIST_KEY_UILaunchStoryboardName = LaunchScreen;
				INFOPLIST_KEY_UISupportedInterfaceOrientations_iPad = "UIInterfaceOrientationPortrait UIInterfaceOrientationPortraitUpsideDown UIInterfaceOrientationLandscapeLeft UIInterfaceOrientationLandscapeRight";
				INFOPLIST_KEY_UISupportedInterfaceOrientations_iPhone = "UIInterfaceOrientationPortrait UIInterfaceOrientationLandscapeLeft UIInterfaceOrientationLandscapeRight";
				LD_RUNPATH_SEARCH_PATHS = (
					"$(inherited)",
					"@executable_path/Frameworks",
				);
				MARKETING_VERSION = 1.0;
				PRODUCT_BUNDLE_IDENTIFIER = "youssefedeeb.Cup-Coffee";
				PRODUCT_NAME = "$(TARGET_NAME)";
				SWIFT_EMIT_LOC_STRINGS = YES;
				SWIFT_VERSION = 5.0;
				TARGETED_DEVICE_FAMILY = "1,2";
			};
			name = Release;
		};
/* End XCBuildConfiguration section */

/* Begin XCConfigurationList section */
		A17B789C290985AE0082CF50 /* Build configuration list for PBXProject "Cup Coffee" */ = {
			isa = XCConfigurationList;
			buildConfigurations = (
				A17B78B3290985B10082CF50 /* Debug */,
				A17B78B4290985B10082CF50 /* Release */,
			);
			defaultConfigurationIsVisible = 0;
			defaultConfigurationName = Release;
		};
		A17B78B5290985B10082CF50 /* Build configuration list for PBXNativeTarget "Cup Coffee" */ = {
			isa = XCConfigurationList;
			buildConfigurations = (
				A17B78B6290985B10082CF50 /* Debug */,
				A17B78B7290985B10082CF50 /* Release */,
			);
			defaultConfigurationIsVisible = 0;
			defaultConfigurationName = Release;
		};
/* End XCConfigurationList section */
	};
	rootObject = A17B7899290985AE0082CF50 /* Project object */;
}
